{
  "name": "eko",
  "version": "0.1.0",
  "lockfileVersion": 3,
  "requires": true,
  "packages": {
    "": {
      "name": "eko",
      "version": "0.1.0",
      "license": "MIT",
      "workspaces": [
        "myLogger",
        "userService"
      ],
      "dependencies": {
        "myLogger": "^0.1.0"
      }
    },
    "myLogger": {
      "name": "mylogger",
      "version": "0.1.0",
      "license": "MIT"
    },
    "node_modules/mylogger": {
      "resolved": "myLogger",
      "link": true
    }
  }
}
